Microsoft Visual Studio Solution File, Format Version 12.00
# Visual Studio Version 17
VisualStudioVersion = 17.5.2.0
MinimumVisualStudioVersion = 10.0.40219.1
Project("{2150E333-8FDC-42A3-9474-1A3956D46DE8}") = "dotnet_projects", "dotnet_projects", "{17C057EB-1F4B-6434-AB32-644D0243EB43}"
EndProject
Project("{FAE04EC0-301F-11D3-BF4B-00C04F79EFBC}") = "todo_api", "dotnet_projects\todo_api\todo_api.csproj", "{2B1BA5F9-3E6A-970C-25DB-C43CF2F55881}"
EndProject
Global
	GlobalSection(SolutionConfigurationPlatforms) = preSolution
		Debug|Any CPU = Debug|Any CPU
		Release|Any CPU = Release|Any CPU
	EndGlobalSection
	GlobalSection(ProjectConfigurationPlatforms) = postSolution
		{2B1BA5F9-3E6A-970C-25DB-C43CF2F55881}.Debug|Any CPU.ActiveCfg = Debug|Any CPU
		{2B1BA5F9-3E6A-970C-25DB-C43CF2F55881}.Debug|Any CPU.Build.0 = Debug|Any CPU
		{2B1BA5F9-3E6A-970C-25DB-C43CF2F55881}.Release|Any CPU.ActiveCfg = Release|Any CPU
		{2B1BA5F9-3E6A-970C-25DB-C43CF2F55881}.Release|Any CPU.Build.0 = Release|Any CPU
	EndGlobalSection
	GlobalSection(SolutionProperties) = preSolution
		HideSolutionNode = FALSE
	EndGlobalSection
	GlobalSection(NestedProjects) = preSolution
		{2B1BA5F9-3E6A-970C-25DB-C43CF2F55881} = {17C057EB-1F4B-6434-AB32-644D0243EB43}
	EndGlobalSection
	GlobalSection(ExtensibilityGlobals) = postSolution
		SolutionGuid = {17A62D5B-625A-4CCC-AE51-1C403F9EC82F}
	EndGlobalSection
EndGlobal
